// !$*UTF8*$!
{
	archiveVersion = 1;
	classes = {
	};
	objectVersion = 46;
	objects = {

/* Begin PBXBuildFile section */
		EF9BBAAD1BDF132A00635BEA /* main.m in Sources */ = {isa = PBXBuildFile; fileRef = EF9BBAAC1BDF132A00635BEA /* main.m */; };
		EF9BBAB01BDF132A00635BEA /* AppDelegate.m in Sources */ = {isa = PBXBuildFile; fileRef = EF9BBAAF1BDF132A00635BEA /* AppDelegate.m */; };
		EF9BBAB61BDF132A00635BEA /* Main.storyboard in Resources */ = {isa = PBXBuildFile; fileRef = EF9BBAB41BDF132A00635BEA /* Main.storyboard */; };
		EF9BBAB81BDF132A00635BEA /* Assets.xcassets in Resources */ = {isa = PBXBuildFile; fileRef = EF9BBAB71BDF132A00635BEA /* Assets.xcassets */; };
		EF9BBABB1BDF132A00635BEA /* LaunchScreen.storyboard in Resources */ = {isa = PBXBuildFile; fileRef = EF9BBAB91BDF132A00635BEA /* LaunchScreen.storyboard */; };
		EF9BBAC41BDF134600635BEA /* MainViewController.m in Sources */ = {isa = PBXBuildFile; fileRef = EF9BBAC31BDF134600635BEA /* MainViewController.m */; settings = {ASSET_TAGS = (); }; };
		EF9BBAC71BDF220700635BEA /* Dragon.m in Sources */ = {isa = PBXBuildFile; fileRef = EF9BBAC61BDF220700635BEA /* Dragon.m */; settings = {ASSET_TAGS = (); }; };
		EF9BBACA1BDF2CF000635BEA /* DetailViewController.m in Sources */ = {isa = PBXBuildFile; fileRef = EF9BBAC91BDF2CF000635BEA /* DetailViewController.m */; settings = {ASSET_TAGS = (); }; };
/* End PBXBuildFile section */

/* Begin PBXFileReference section */
		EF9BBAA81BDF132A00635BEA /* DragonFashion.app */ = {isa = PBXFileReference; explicitFileType = wrapper.application; includeInIndex = 0; path = DragonFashion.app; sourceTree = BUILT_PRODUCTS_DIR; };
		EF9BBAAC1BDF132A00635BEA /* main.m */ = {isa = PBXFileReference; lastKnownFileType = sourcecode.c.objc; path = main.m; sourceTree = "<group>"; };
		EF9BBAAE1BDF132A00635BEA /* AppDelegate.h */ = {isa = PBXFileReference; lastKnownFileType = sourcecode.c.h; path = AppDelegate.h; sourceTree = "<group>"; };
		EF9BBAAF1BDF132A00635BEA /* AppDelegate.m */ = {isa = PBXFileReference; lastKnownFileType = sourcecode.c.objc; path = AppDelegate.m; sourceTree = "<group>"; };
		EF9BBAB51BDF132A00635BEA /* Base */ = {isa = PBXFileReference; lastKnownFileType = file.storyboard; name = Base; path = Base.lproj/Main.storyboard; sourceTree = "<group>"; };
		EF9BBAB71BDF132A00635BEA /* Assets.xcassets */ = {isa = PBXFileReference; lastKnownFileType = folder.assetcatalog; path = Assets.xcassets; sourceTree = "<group>"; };
		EF9BBABA1BDF132A00635BEA /* Base */ = {isa = PBXFileReference; lastKnownFileType = file.storyboard; name = Base; path = Base.lproj/LaunchScreen.storyboard; sourceTree = "<group>"; };
		EF9BBABC1BDF132A00635BEA /* Info.plist */ = {isa = PBXFileReference; lastKnownFileType = text.plist.xml; path = Info.plist; sourceTree = "<group>"; };
		EF9BBAC21BDF134600635BEA /* MainViewController.h */ = {isa = PBXFileReference; fileEncoding = 4; lastKnownFileType = sourcecode.c.h; path = MainViewController.h; sourceTree = "<group>"; };
		EF9BBAC31BDF134600635BEA /* MainViewController.m */ = {isa = PBXFileReference; fileEncoding = 4; lastKnownFileType = sourcecode.c.objc; path = MainViewController.m; sourceTree = "<group>"; };
		EF9BBAC51BDF220700635BEA /* Dragon.h */ = {isa = PBXFileReference; fileEncoding = 4; lastKnownFileType = sourcecode.c.h; path = Dragon.h; sourceTree = "<group>"; };
		EF9BBAC61BDF220700635BEA /* Dragon.m */ = {isa = PBXFileReference; fileEncoding = 4; lastKnownFileType = sourcecode.c.objc; path = Dragon.m; sourceTree = "<group>"; };
		EF9BBAC81BDF2CF000635BEA /* DetailViewController.h */ = {isa = PBXFileReference; fileEncoding = 4; lastKnownFileType = sourcecode.c.h; path = DetailViewController.h; sourceTree = "<group>"; };
		EF9BBAC91BDF2CF000635BEA /* DetailViewController.m */ = {isa = PBXFileReference; fileEncoding = 4; lastKnownFileType = sourcecode.c.objc; path = DetailViewController.m; sourceTree = "<group>"; };
/* End PBXFileReference section */

/* Begin PBXFrameworksBuildPhase section */
		EF9BBAA51BDF132A00635BEA /* Frameworks */ = {
			isa = PBXFrameworksBuildPhase;
			buildActionMask = 2147483647;
			files = (
			);
			runOnlyForDeploymentPostprocessing = 0;
		};
/* End PBXFrameworksBuildPhase section */

/* Begin PBXGroup section */
		EF9BBA9F1BDF132A00635BEA = {
			isa = PBXGroup;
			children = (
				EF9BBAAA1BDF132A00635BEA /* DragonFashion */,
				EF9BBAA91BDF132A00635BEA /* Products */,
			);
			sourceTree = "<group>";
		};
		EF9BBAA91BDF132A00635BEA /* Products */ = {
			isa = PBXGroup;
			children = (
				EF9BBAA81BDF132A00635BEA /* DragonFashion.app */,
			);
			name = Products;
			sourceTree = "<group>";
		};
		EF9BBAAA1BDF132A00635BEA /* DragonFashion */ = {
			isa = PBXGroup;
			children = (
				EF9BBAAE1BDF132A00635BEA /* AppDelegate.h */,
				EF9BBAAF1BDF132A00635BEA /* AppDelegate.m */,
				EF9BBAB41BDF132A00635BEA /* Main.storyboard */,
				EF9BBAC51BDF220700635BEA /* Dragon.h */,
				EF9BBAC61BDF220700635BEA /* Dragon.m */,
				EF9BBAC21BDF134600635BEA /* MainViewController.h */,
				EF9BBAC31BDF134600635BEA /* MainViewController.m */,
				EF9BBAC81BDF2CF000635BEA /* DetailViewController.h */,
				EF9BBAC91BDF2CF000635BEA /* DetailViewController.m */,
				EF9BBAB71BDF132A00635BEA /* Assets.xcassets */,
				EF9BBAB91BDF132A00635BEA /* LaunchScreen.storyboard */,
				EF9BBABC1BDF132A00635BEA /* Info.plist */,
				EF9BBAAB1BDF132A00635BEA /* Supporting Files */,
			);
			path = DragonFashion;
			sourceTree = "<group>";
		};
		EF9BBAAB1BDF132A00635BEA /* Supporting Files */ = {
			isa = PBXGroup;
			children = (
				EF9BBAAC1BDF132A00635BEA /* main.m */,
			);
			name = "Supporting Files";
			sourceTree = "<group>";
		};
/* End PBXGroup section */

/* Begin PBXNativeTarget section */
		EF9BBAA71BDF132A00635BEA /* DragonFashion */ = {
			isa = PBXNativeTarget;
			buildConfigurationList = EF9BBABF1BDF132A00635BEA /* Build configuration list for PBXNativeTarget "DragonFashion" */;
			buildPhases = (
				EF9BBAA41BDF132A00635BEA /* Sources */,
				EF9BBAA51BDF132A00635BEA /* Frameworks */,
				EF9BBAA61BDF132A00635BEA /* Resources */,
			);
			buildRules = (
			);
			dependencies = (
			);
			name = DragonFashion;
			productName = DragonFashion;
			productReference = EF9BBAA81BDF132A00635BEA /* DragonFashion.app */;
			productType = "com.apple.product-type.application";
		};
/* End PBXNativeTarget section */

/* Begin PBXProject section */
		EF9BBAA01BDF132A00635BEA /* Project object */ = {
			isa = PBXProject;
			attributes = {
				LastUpgradeCheck = 0700;
				ORGANIZATIONNAME = Mike;
				TargetAttributes = {
					EF9BBAA71BDF132A00635BEA = {
						CreatedOnToolsVersion = 7.0.1;
					};
				};
			};
			buildConfigurationList = EF9BBAA31BDF132A00635BEA /* Build configuration list for PBXProject "DragonFashion" */;
			compatibilityVersion = "Xcode 3.2";
			developmentRegion = English;
			hasScannedForEncodings = 0;
			knownRegions = (
				en,
				Base,
			);
			mainGroup = EF9BBA9F1BDF132A00635BEA;
			productRefGroup = EF9BBAA91BDF132A00635BEA /* Products */;
			projectDirPath = "";
			projectRoot = "";
			targets = (
				EF9BBAA71BDF132A00635BEA /* DragonFashion */,
			);
		};
/* End PBXProject section */

/* Begin PBXResourcesBuildPhase section */
		EF9BBAA61BDF132A00635BEA /* Resources */ = {
			isa = PBXResourcesBuildPhase;
			buildActionMask = 2147483647;
			files = (
				EF9BBABB1BDF132A00635BEA /* LaunchScreen.storyboard in Resources */,
				EF9BBAB81BDF132A00635BEA /* Assets.xcassets in Resources */,
				EF9BBAB61BDF132A00635BEA /* Main.storyboard in Resources */,
			);
			runOnlyForDeploymentPostprocessing = 0;
		};
/* End PBXResourcesBuildPhase section */

/* Begin PBXSourcesBuildPhase section */
		EF9BBAA41BDF132A00635BEA /* Sources */ = {
			isa = PBXSourcesBuildPhase;
			buildActionMask = 2147483647;
			files = (
				EF9BBACA1BDF2CF000635BEA /* DetailViewController.m in Sources */,
				EF9BBAB01BDF132A00635BEA /* AppDelegate.m in Sources */,
				EF9BBAC41BDF134600635BEA /* MainViewController.m in Sources */,
				EF9BBAC71BDF220700635BEA /* Dragon.m in Sources */,
				EF9BBAAD1BDF132A00635BEA /* main.m in Sources */,
			);
			runOnlyForDeploymentPostprocessing = 0;
		};
/* End PBXSourcesBuildPhase section */

/* Begin PBXVariantGroup section */
		EF9BBAB41BDF132A00635BEA /* Main.storyboard */ = {
			isa = PBXVariantGroup;
			children = (
				EF9BBAB51BDF132A00635BEA /* Base */,
			);
			name = Main.storyboard;
			sourceTree = "<group>";
		};
		EF9BBAB91BDF132A00635BEA /* LaunchScreen.storyboard */ = {
			isa = PBXVariantGroup;
			children = (
				EF9BBABA1BDF132A00635BEA /* Base */,
			);
			name = LaunchScreen.storyboard;
			sourceTree = "<group>";
		};
/* End PBXVariantGroup section */

/* Begin XCBuildConfiguration section */
		EF9BBABD1BDF132A00635BEA /* Debug */ = {
			isa = XCBuildConfiguration;
			buildSettings = {
				ALWAYS_SEARCH_USER_PATHS = NO;
				CLANG_CXX_LANGUAGE_STANDARD = "gnu++0x";
				CLANG_CXX_LIBRARY = "libc++";
				CLANG_ENABLE_MODULES = YES;
				CLANG_ENABLE_OBJC_ARC = YES;
				CLANG_WARN_BOOL_CONVERSION = YES;
				CLANG_WARN_CONSTANT_CONVERSION = YES;
				CLANG_WARN_DIRECT_OBJC_ISA_USAGE = YES_ERROR;
				CLANG_WARN_EMPTY_BODY = YES;
				CLANG_WARN_ENUM_CONVERSION = YES;
				CLANG_WARN_INT_CONVERSION = YES;
				CLANG_WARN_OBJC_ROOT_CLASS = YES_ERROR;
				CLANG_WARN_UNREACHABLE_CODE = YES;
				CLANG_WARN__DUPLICATE_METHOD_MATCH = YES;
				"CODE_SIGN_IDENTITY[sdk=iphoneos*]" = "iPhone Developer";
				COPY_PHASE_STRIP = NO;
				DEBUG_INFORMATION_FORMAT = dwarf;
				ENABLE_STRICT_OBJC_MSGSEND = YES;
				ENABLE_TESTABILITY = YES;
				GCC_C_LANGUAGE_STANDARD = gnu99;
				GCC_DYNAMIC_NO_PIC = NO;
				GCC_NO_COMMON_BLOCKS = YES;
				GCC_OPTIMIZATION_LEVEL = 0;
				GCC_PREPROCESSOR_DEFINITIONS = (
					"DEBUG=1",
					"$(inherited)",
				);
				GCC_WARN_64_TO_32_BIT_CONVERSION = YES;
				GCC_WARN_ABOUT_RETURN_TYPE = YES_ERROR;
				GCC_WARN_UNDECLARED_SELECTOR = YES;
				GCC_WARN_UNINITIALIZED_AUTOS = YES_AGGRESSIVE;
				GCC_WARN_UNUSED_FUNCTION = YES;
				GCC_WARN_UNUSED_VARIABLE = YES;
				IPHONEOS_DEPLOYMENT_TARGET = 9.0;
				MTL_ENABLE_DEBUG_INFO = YES;
				ONLY_ACTIVE_ARCH = YES;
				SDKROOT = iphoneos;
			};
			name = Debug;
		};
		EF9BBABE1BDF132A00635BEA /* Release */ = {
			isa = XCBuildConfiguration;
			buildSettings = {
				ALWAYS_SEARCH_USER_PATHS = NO;
				CLANG_CXX_LANGUAGE_STANDARD = "gnu++0x";
				CLANG_CXX_LIBRARY = "libc++";
				CLANG_ENABLE_MODULES = YES;
				CLANG_ENABLE_OBJC_ARC = YES;
				CLANG_WARN_BOOL_CONVERSION = YES;
				CLANG_WARN_CONSTANT_CONVERSION = YES;
				CLANG_WARN_DIRECT_OBJC_ISA_USAGE = YES_ERROR;
				CLANG_WARN_EMPTY_BODY = YES;
				CLANG_WARN_ENUM_CONVERSION = YES;
				CLANG_WARN_INT_CONVERSION = YES;
				CLANG_WARN_OBJC_ROOT_CLASS = YES_ERROR;
				CLANG_WARN_UNREACHABLE_CODE = YES;
				CLANG_WARN__DUPLICATE_METHOD_MATCH = YES;
				"CODE_SIGN_IDENTITY[sdk=iphoneos*]" = "iPhone Developer";
				COPY_PHASE_STRIP = NO;
				DEBUG_INFORMATION_FORMAT = "dwarf-with-dsym";
				ENABLE_NS_ASSERTIONS = NO;
				ENABLE_STRICT_OBJC_MSGSEND = YES;
				GCC_C_LANGUAGE_STANDARD = gnu99;
				GCC_NO_COMMON_BLOCKS = YES;
				GCC_WARN_64_TO_32_BIT_CONVERSION = YES;
				GCC_WARN_ABOUT_RETURN_TYPE = YES_ERROR;
				GCC_WARN_UNDECLARED_SELECTOR = YES;
				GCC_WARN_UNINITIALIZED_AUTOS = YES_AGGRESSIVE;
				GCC_WARN_UNUSED_FUNCTION = YES;
				GCC_WARN_UNUSED_VARIABLE = YES;
				IPHONEOS_DEPLOYMENT_TARGET = 9.0;
				MTL_ENABLE_DEBUG_INFO = NO;
				SDKROOT = iphoneos;
				VALIDATE_PRODUCT = YES;
			};
			name = Release;
		};
		EF9BBAC01BDF132A00635BEA /* Debug */ = {
			isa = XCBuildConfiguration;
			buildSettings = {
				ASSETCATALOG_COMPILER_APPICON_NAME = AppIcon;
				INFOPLIST_FILE = DragonFashion/Info.plist;
				LD_RUNPATH_SEARCH_PATHS = "$(inherited) @executable_path/Frameworks";
				PRODUCT_BUNDLE_IDENTIFIER = Mike.DragonFashion;
				PRODUCT_NAME = "$(TARGET_NAME)";
			};
			name = Debug;
		};
		EF9BBAC11BDF132A00635BEA /* Release */ = {
			isa = XCBuildConfiguration;
			buildSettings = {
				ASSETCATALOG_COMPILER_APPICON_NAME = AppIcon;
				INFOPLIST_FILE = DragonFashion/Info.plist;
				LD_RUNPATH_SEARCH_PATHS = "$(inherited) @executable_path/Frameworks";
				PRODUCT_BUNDLE_IDENTIFIER = Mike.DragonFashion;
				PRODUCT_NAME = "$(TARGET_NAME)";
			};
			name = Release;
		};
/* End XCBuildConfiguration section */

/* Begin XCConfigurationList section */
		EF9BBAA31BDF132A00635BEA /* Build configuration list for PBXProject "DragonFashion" */ = {
			isa = XCConfigurationList;
			buildConfigurations = (
				EF9BBABD1BDF132A00635BEA /* Debug */,
				EF9BBABE1BDF132A00635BEA /* Release */,
			);
			defaultConfigurationIsVisible = 0;
			defaultConfigurationName = Release;
		};
		EF9BBABF1BDF132A00635BEA /* Build configuration list for PBXNativeTarget "DragonFashion" */ = {
			isa = XCConfigurationList;
			buildConfigurations = (
				EF9BBAC01BDF132A00635BEA /* Debug */,
				EF9BBAC11BDF132A00635BEA /* Release */,
			);
			defaultConfigurationIsVisible = 0;
		};
/* End XCConfigurationList section */
	};
	rootObject = EF9BBAA01BDF132A00635BEA /* Project object */;
}
